
Microsoft Visual Studio Solution File, Format Version 12.00
# Visual Studio Version 17
VisualStudioVersion = 17.6.33829.357
MinimumVisualStudioVersion = 10.0.40219.1
Project("{FAE04EC0-301F-11D3-BF4B-00C04F79EFBC}") = "PartialViewDemo", "PartialViewDemo.csproj", "{755BB78F-79B4-4981-A288-447DC027D3F1}"
EndProject
Global
	GlobalSection(SolutionConfigurationPlatforms) = preSolution
		Debug|Any CPU = Debug|Any CPU
		Release|Any CPU = Release|Any CPU
	EndGlobalSection
	GlobalSection(ProjectConfigurationPlatforms) = postSolution
		{755BB78F-79B4-4981-A288-447DC027D3F1}.Debug|Any CPU.ActiveCfg = Debug|Any CPU
		{755BB78F-79B4-4981-A288-447DC027D3F1}.Debug|Any CPU.Build.0 = Debug|Any CPU
		{755BB78F-79B4-4981-A288-447DC027D3F1}.Release|Any CPU.ActiveCfg = Release|Any CPU
		{755BB78F-79B4-4981-A288-447DC027D3F1}.Release|Any CPU.Build.0 = Release|Any CPU
	EndGlobalSection
	GlobalSection(SolutionProperties) = preSolution
		HideSolutionNode = FALSE
	EndGlobalSection
	GlobalSection(ExtensibilityGlobals) = postSolution
		SolutionGuid = {4CD3C803-8D73-409F-BBB6-F803E3B20FE1}
	EndGlobalSection
EndGlobal
